
Microsoft Visual Studio Solution File, Format Version 12.00
# Visual Studio Version 16
VisualStudioVersion = 16.0.29905.134
MinimumVisualStudioVersion = 10.0.40219.1
Project("{FAE04EC0-301F-11D3-BF4B-00C04F79EFBC}") = "KolowkiumAPDB", "KolowkiumAPDB.csproj", "{CE816789-861B-416A-BEAA-A9150F3B86A0}"
EndProject
Global
	GlobalSection(SolutionConfigurationPlatforms) = preSolution
		Debug|Any CPU = Debug|Any CPU
		Release|Any CPU = Release|Any CPU
	EndGlobalSection
	GlobalSection(ProjectConfigurationPlatforms) = postSolution
		{CE816789-861B-416A-BEAA-A9150F3B86A0}.Debug|Any CPU.ActiveCfg = Debug|Any CPU
		{CE816789-861B-416A-BEAA-A9150F3B86A0}.Debug|Any CPU.Build.0 = Debug|Any CPU
		{CE816789-861B-416A-BEAA-A9150F3B86A0}.Release|Any CPU.ActiveCfg = Release|Any CPU
		{CE816789-861B-416A-BEAA-A9150F3B86A0}.Release|Any CPU.Build.0 = Release|Any CPU
	EndGlobalSection
	GlobalSection(SolutionProperties) = preSolution
		HideSolutionNode = FALSE
	EndGlobalSection
	GlobalSection(ExtensibilityGlobals) = postSolution
		SolutionGuid = {0B1003B3-A3F7-4FFA-B5F3-F241702072F2}
	EndGlobalSection
EndGlobal
